// !$*UTF8*$!
{
	archiveVersion = 1;
	classes = {
	};
	objectVersion = 50;
	objects = {

/* Begin PBXBuildFile section */
		57C7B79D23F11979002B3BAA /* AppDelegate.swift in Sources */ = {isa = PBXBuildFile; fileRef = 57C7B79C23F11979002B3BAA /* AppDelegate.swift */; };
		57C7B79F23F11979002B3BAA /* SceneDelegate.swift in Sources */ = {isa = PBXBuildFile; fileRef = 57C7B79E23F11979002B3BAA /* SceneDelegate.swift */; };
		57C7B7A123F11979002B3BAA /* ViewController.swift in Sources */ = {isa = PBXBuildFile; fileRef = 57C7B7A023F11979002B3BAA /* ViewController.swift */; };
		57C7B7A423F11979002B3BAA /* Main.storyboard in Resources */ = {isa = PBXBuildFile; fileRef = 57C7B7A223F11979002B3BAA /* Main.storyboard */; };
		57C7B7A623F1197A002B3BAA /* Assets.xcassets in Resources */ = {isa = PBXBuildFile; fileRef = 57C7B7A523F1197A002B3BAA /* Assets.xcassets */; };
		57C7B7A923F1197A002B3BAA /* LaunchScreen.storyboard in Resources */ = {isa = PBXBuildFile; fileRef = 57C7B7A723F1197A002B3BAA /* LaunchScreen.storyboard */; };
/* End PBXBuildFile section */

/* Begin PBXFileReference section */
		57C7B79923F11979002B3BAA /* WKWebKit.app */ = {isa = PBXFileReference; explicitFileType = wrapper.application; includeInIndex = 0; path = WKWebKit.app; sourceTree = BUILT_PRODUCTS_DIR; };
		57C7B79C23F11979002B3BAA /* AppDelegate.swift */ = {isa = PBXFileReference; lastKnownFileType = sourcecode.swift; path = AppDelegate.swift; sourceTree = "<group>"; };
		57C7B79E23F11979002B3BAA /* SceneDelegate.swift */ = {isa = PBXFileReference; lastKnownFileType = sourcecode.swift; path = SceneDelegate.swift; sourceTree = "<group>"; };
		57C7B7A023F11979002B3BAA /* ViewController.swift */ = {isa = PBXFileReference; lastKnownFileType = sourcecode.swift; path = ViewController.swift; sourceTree = "<group>"; };
		57C7B7A323F11979002B3BAA /* Base */ = {isa = PBXFileReference; lastKnownFileType = file.storyboard; name = Base; path = Base.lproj/Main.storyboard; sourceTree = "<group>"; };
		57C7B7A523F1197A002B3BAA /* Assets.xcassets */ = {isa = PBXFileReference; lastKnownFileType = folder.assetcatalog; path = Assets.xcassets; sourceTree = "<group>"; };
		57C7B7A823F1197A002B3BAA /* Base */ = {isa = PBXFileReference; lastKnownFileType = file.storyboard; name = Base; path = Base.lproj/LaunchScreen.storyboard; sourceTree = "<group>"; };
		57C7B7AA23F1197A002B3BAA /* Info.plist */ = {isa = PBXFileReference; lastKnownFileType = text.plist.xml; path = Info.plist; sourceTree = "<group>"; };
/* End PBXFileReference section */

/* Begin PBXFrameworksBuildPhase section */
		57C7B79623F11979002B3BAA /* Frameworks */ = {
			isa = PBXFrameworksBuildPhase;
			buildActionMask = 2147483647;
			files = (
			);
			runOnlyForDeploymentPostprocessing = 0;
		};
/* End PBXFrameworksBuildPhase section */

/* Begin PBXGroup section */
		57C7B79023F11979002B3BAA = {
			isa = PBXGroup;
			children = (
				57C7B79B23F11979002B3BAA /* WKWebKit */,
				57C7B79A23F11979002B3BAA /* Products */,
			);
			sourceTree = "<group>";
		};
		57C7B79A23F11979002B3BAA /* Products */ = {
			isa = PBXGroup;
			children = (
				57C7B79923F11979002B3BAA /* WKWebKit.app */,
			);
			name = Products;
			sourceTree = "<group>";
		};
		57C7B79B23F11979002B3BAA /* WKWebKit */ = {
			isa = PBXGroup;
			children = (
				57C7B79C23F11979002B3BAA /* AppDelegate.swift */,
				57C7B79E23F11979002B3BAA /* SceneDelegate.swift */,
				57C7B7A023F11979002B3BAA /* ViewController.swift */,
				57C7B7A223F11979002B3BAA /* Main.storyboard */,
				57C7B7A523F1197A002B3BAA /* Assets.xcassets */,
				57C7B7A723F1197A002B3BAA /* LaunchScreen.storyboard */,
				57C7B7AA23F1197A002B3BAA /* Info.plist */,
			);
			path = WKWebKit;
			sourceTree = "<group>";
		};
/* End PBXGroup section */

/* Begin PBXNativeTarget section */
		57C7B79823F11979002B3BAA /* WKWebKit */ = {
			isa = PBXNativeTarget;
			buildConfigurationList = 57C7B7AD23F1197A002B3BAA /* Build configuration list for PBXNativeTarget "WKWebKit" */;
			buildPhases = (
				57C7B79523F11979002B3BAA /* Sources */,
				57C7B79623F11979002B3BAA /* Frameworks */,
				57C7B79723F11979002B3BAA /* Resources */,
			);
			buildRules = (
			);
			dependencies = (
			);
			name = WKWebKit;
			productName = WKWebKit;
			productReference = 57C7B79923F11979002B3BAA /* WKWebKit.app */;
			productType = "com.apple.product-type.application";
		};
/* End PBXNativeTarget section */

/* Begin PBXProject section */
		57C7B79123F11979002B3BAA /* Project object */ = {
			isa = PBXProject;
			attributes = {
				LastSwiftUpdateCheck = 1130;
				LastUpgradeCheck = 1130;
				ORGANIZATIONNAME = hongjuyeon_dev;
				TargetAttributes = {
					57C7B79823F11979002B3BAA = {
						CreatedOnToolsVersion = 11.3.1;
					};
				};
			};
			buildConfigurationList = 57C7B79423F11979002B3BAA /* Build configuration list for PBXProject "WKWebKit" */;
			compatibilityVersion = "Xcode 9.3";
			developmentRegion = en;
			hasScannedForEncodings = 0;
			knownRegions = (
				en,
				Base,
			);
			mainGroup = 57C7B79023F11979002B3BAA;
			productRefGroup = 57C7B79A23F11979002B3BAA /* Products */;
			projectDirPath = "";
			projectRoot = "";
			targets = (
				57C7B79823F11979002B3BAA /* WKWebKit */,
			);
		};
/* End PBXProject section */

/* Begin PBXResourcesBuildPhase section */
		57C7B79723F11979002B3BAA /* Resources */ = {
			isa = PBXResourcesBuildPhase;
			buildActionMask = 2147483647;
			files = (
				57C7B7A923F1197A002B3BAA /* LaunchScreen.storyboard in Resources */,
				57C7B7A623F1197A002B3BAA /* Assets.xcassets in Resources */,
				57C7B7A423F11979002B3BAA /* Main.storyboard in Resources */,
			);
			runOnlyForDeploymentPostprocessing = 0;
		};
/* End PBXResourcesBuildPhase section */

/* Begin PBXSourcesBuildPhase section */
		57C7B79523F11979002B3BAA /* Sources */ = {
			isa = PBXSourcesBuildPhase;
			buildActionMask = 2147483647;
			files = (
				57C7B7A123F11979002B3BAA /* ViewController.swift in Sources */,
				57C7B79D23F11979002B3BAA /* AppDelegate.swift in Sources */,
				57C7B79F23F11979002B3BAA /* SceneDelegate.swift in Sources */,
			);
			runOnlyForDeploymentPostprocessing = 0;
		};
/* End PBXSourcesBuildPhase section */

/* Begin PBXVariantGroup section */
		57C7B7A223F11979002B3BAA /* Main.storyboard */ = {
			isa = PBXVariantGroup;
			children = (
				57C7B7A323F11979002B3BAA /* Base */,
			);
			name = Main.storyboard;
			sourceTree = "<group>";
		};
		57C7B7A723F1197A002B3BAA /* LaunchScreen.storyboard */ = {
			isa = PBXVariantGroup;
			children = (
				57C7B7A823F1197A002B3BAA /* Base */,
			);
			name = LaunchScreen.storyboard;
			sourceTree = "<group>";
		};
/* End PBXVariantGroup section */

/* Begin XCBuildConfiguration section */
		57C7B7AB23F1197A002B3BAA /* Debug */ = {
			isa = XCBuildConfiguration;
			buildSettings = {
				ALWAYS_SEARCH_USER_PATHS = NO;
				CLANG_ANALYZER_NONNULL = YES;
				CLANG_ANALYZER_NUMBER_OBJECT_CONVERSION = YES_AGGRESSIVE;
				CLANG_CXX_LANGUAGE_STANDARD = "gnu++14";
				CLANG_CXX_LIBRARY = "libc++";
				CLANG_ENABLE_MODULES = YES;
				CLANG_ENABLE_OBJC_ARC = YES;
				CLANG_ENABLE_OBJC_WEAK = YES;
				CLANG_WARN_BLOCK_CAPTURE_AUTORELEASING = YES;
				CLANG_WARN_BOOL_CONVERSION = YES;
				CLANG_WARN_COMMA = YES;
				CLANG_WARN_CONSTANT_CONVERSION = YES;
				CLANG_WARN_DEPRECATED_OBJC_IMPLEMENTATIONS = YES;
				CLANG_WARN_DIRECT_OBJC_ISA_USAGE = YES_ERROR;
				CLANG_WARN_DOCUMENTATION_COMMENTS = YES;
				CLANG_WARN_EMPTY_BODY = YES;
				CLANG_WARN_ENUM_CONVERSION = YES;
				CLANG_WARN_INFINITE_RECURSION = YES;
				CLANG_WARN_INT_CONVERSION = YES;
				CLANG_WARN_NON_LITERAL_NULL_CONVERSION = YES;
				CLANG_WARN_OBJC_IMPLICIT_RETAIN_SELF = YES;
				CLANG_WARN_OBJC_LITERAL_CONVERSION = YES;
				CLANG_WARN_OBJC_ROOT_CLASS = YES_ERROR;
				CLANG_WARN_RANGE_LOOP_ANALYSIS = YES;
				CLANG_WARN_STRICT_PROTOTYPES = YES;
				CLANG_WARN_SUSPICIOUS_MOVE = YES;
				CLANG_WARN_UNGUARDED_AVAILABILITY = YES_AGGRESSIVE;
				CLANG_WARN_UNREACHABLE_CODE = YES;
				CLANG_WARN__DUPLICATE_METHOD_MATCH = YES;
				COPY_PHASE_STRIP = NO;
				DEBUG_INFORMATION_FORMAT = dwarf;
				ENABLE_STRICT_OBJC_MSGSEND = YES;
				ENABLE_TESTABILITY = YES;
				GCC_C_LANGUAGE_STANDARD = gnu11;
				GCC_DYNAMIC_NO_PIC = NO;
				GCC_NO_COMMON_BLOCKS = YES;
				GCC_OPTIMIZATION_LEVEL = 0;
				GCC_PREPROCESSOR_DEFINITIONS = (
					"DEBUG=1",
					"$(inherited)",
				);
				GCC_WARN_64_TO_32_BIT_CONVERSION = YES;
				GCC_WARN_ABOUT_RETURN_TYPE = YES_ERROR;
				GCC_WARN_UNDECLARED_SELECTOR = YES;
				GCC_WARN_UNINITIALIZED_AUTOS = YES_AGGRESSIVE;
				GCC_WARN_UNUSED_FUNCTION = YES;
				GCC_WARN_UNUSED_VARIABLE = YES;
				IPHONEOS_DEPLOYMENT_TARGET = 13.2;
				MTL_ENABLE_DEBUG_INFO = INCLUDE_SOURCE;
				MTL_FAST_MATH = YES;
				ONLY_ACTIVE_ARCH = YES;
				SDKROOT = iphoneos;
				SWIFT_ACTIVE_COMPILATION_CONDITIONS = DEBUG;
				SWIFT_OPTIMIZATION_LEVEL = "-Onone";
			};
			name = Debug;
		};
		57C7B7AC23F1197A002B3BAA /* Release */ = {
			isa = XCBuildConfiguration;
			buildSettings = {
				ALWAYS_SEARCH_USER_PATHS = NO;
				CLANG_ANALYZER_NONNULL = YES;
				CLANG_ANALYZER_NUMBER_OBJECT_CONVERSION = YES_AGGRESSIVE;
				CLANG_CXX_LANGUAGE_STANDARD = "gnu++14";
				CLANG_CXX_LIBRARY = "libc++";
				CLANG_ENABLE_MODULES = YES;
				CLANG_ENABLE_OBJC_ARC = YES;
				CLANG_ENABLE_OBJC_WEAK = YES;
				CLANG_WARN_BLOCK_CAPTURE_AUTORELEASING = YES;
				CLANG_WARN_BOOL_CONVERSION = YES;
				CLANG_WARN_COMMA = YES;
				CLANG_WARN_CONSTANT_CONVERSION = YES;
				CLANG_WARN_DEPRECATED_OBJC_IMPLEMENTATIONS = YES;
				CLANG_WARN_DIRECT_OBJC_ISA_USAGE = YES_ERROR;
				CLANG_WARN_DOCUMENTATION_COMMENTS = YES;
				CLANG_WARN_EMPTY_BODY = YES;
				CLANG_WARN_ENUM_CONVERSION = YES;
				CLANG_WARN_INFINITE_RECURSION = YES;
				CLANG_WARN_INT_CONVERSION = YES;
				CLANG_WARN_NON_LITERAL_NULL_CONVERSION = YES;
				CLANG_WARN_OBJC_IMPLICIT_RETAIN_SELF = YES;
				CLANG_WARN_OBJC_LITERAL_CONVERSION = YES;
				CLANG_WARN_OBJC_ROOT_CLASS = YES_ERROR;
				CLANG_WARN_RANGE_LOOP_ANALYSIS = YES;
				CLANG_WARN_STRICT_PROTOTYPES = YES;
				CLANG_WARN_SUSPICIOUS_MOVE = YES;
				CLANG_WARN_UNGUARDED_AVAILABILITY = YES_AGGRESSIVE;
				CLANG_WARN_UNREACHABLE_CODE = YES;
				CLANG_WARN__DUPLICATE_METHOD_MATCH = YES;
				COPY_PHASE_STRIP = NO;
				DEBUG_INFORMATION_FORMAT = "dwarf-with-dsym";
				ENABLE_NS_ASSERTIONS = NO;
				ENABLE_STRICT_OBJC_MSGSEND = YES;
				GCC_C_LANGUAGE_STANDARD = gnu11;
				GCC_NO_COMMON_BLOCKS = YES;
				GCC_WARN_64_TO_32_BIT_CONVERSION = YES;
				GCC_WARN_ABOUT_RETURN_TYPE = YES_ERROR;
				GCC_WARN_UNDECLARED_SELECTOR = YES;
				GCC_WARN_UNINITIALIZED_AUTOS = YES_AGGRESSIVE;
				GCC_WARN_UNUSED_FUNCTION = YES;
				GCC_WARN_UNUSED_VARIABLE = YES;
				IPHONEOS_DEPLOYMENT_TARGET = 13.2;
				MTL_ENABLE_DEBUG_INFO = NO;
				MTL_FAST_MATH = YES;
				SDKROOT = iphoneos;
				SWIFT_COMPILATION_MODE = wholemodule;
				SWIFT_OPTIMIZATION_LEVEL = "-O";
				VALIDATE_PRODUCT = YES;
			};
			name = Release;
		};
		57C7B7AE23F1197A002B3BAA /* Debug */ = {
			isa = XCBuildConfiguration;
			buildSettings = {
				ASSETCATALOG_COMPILER_APPICON_NAME = AppIcon;
				CODE_SIGN_STYLE = Automatic;
				INFOPLIST_FILE = WKWebKit/Info.plist;
				LD_RUNPATH_SEARCH_PATHS = (
					"$(inherited)",
					"@executable_path/Frameworks",
				);
				PRODUCT_BUNDLE_IDENTIFIER = com.hongjuyeon.WKWebKit;
				PRODUCT_NAME = "$(TARGET_NAME)";
				SWIFT_VERSION = 5.0;
				TARGETED_DEVICE_FAMILY = "1,2";
			};
			name = Debug;
		};
		57C7B7AF23F1197A002B3BAA /* Release */ = {
			isa = XCBuildConfiguration;
			buildSettings = {
				ASSETCATALOG_COMPILER_APPICON_NAME = AppIcon;
				CODE_SIGN_STYLE = Automatic;
				INFOPLIST_FILE = WKWebKit/Info.plist;
				LD_RUNPATH_SEARCH_PATHS = (
					"$(inherited)",
					"@executable_path/Frameworks",
				);
				PRODUCT_BUNDLE_IDENTIFIER = com.hongjuyeon.WKWebKit;
				PRODUCT_NAME = "$(TARGET_NAME)";
				SWIFT_VERSION = 5.0;
				TARGETED_DEVICE_FAMILY = "1,2";
			};
			name = Release;
		};
/* End XCBuildConfiguration section */

/* Begin XCConfigurationList section */
		57C7B79423F11979002B3BAA /* Build configuration list for PBXProject "WKWebKit" */ = {
			isa = XCConfigurationList;
			buildConfigurations = (
				57C7B7AB23F1197A002B3BAA /* Debug */,
				57C7B7AC23F1197A002B3BAA /* Release */,
			);
			defaultConfigurationIsVisible = 0;
			defaultConfigurationName = Release;
		};
		57C7B7AD23F1197A002B3BAA /* Build configuration list for PBXNativeTarget "WKWebKit" */ = {
			isa = XCConfigurationList;
			buildConfigurations = (
				57C7B7AE23F1197A002B3BAA /* Debug */,
				57C7B7AF23F1197A002B3BAA /* Release */,
			);
			defaultConfigurationIsVisible = 0;
			defaultConfigurationName = Release;
		};
/* End XCConfigurationList section */
	};
	rootObject = 57C7B79123F11979002B3BAA /* Project object */;
}
